{
  "name": "terratex-reallife-reloaded",
  "version": "1.2.0",
  "lockfileVersion": 1,
  "requires": true,
  "dependencies": {
    "@types/ragemp-c": {
      "version": "github:CocaColaBear/types-ragemp-c#de8113bf7d89766378a9a2f51db81ebd3a762e79",
      "from": "github:CocaColaBear/types-ragemp-c#master",
      "dev": true
    },
    "@types/ragemp-s": {
      "version": "github:CocaColaBear/types-ragemp-s#cf1a28fbba6ecb91e6c64fea991dd9cb9bc1228c",
      "from": "github:CocaColaBear/types-ragemp-s#master",
      "dev": true
    }
  }
}
